
Microsoft Visual Studio Solution File, Format Version 12.00
# Visual Studio Version 16
VisualStudioVersion = 16.0.30621.155
MinimumVisualStudioVersion = 10.0.40219.1
Project("{FAE04EC0-301F-11D3-BF4B-00C04F79EFBC}") = "Manage", "Manage\Manage.csproj", "{ECA73B5C-2C05-439F-AD29-ACB747D3F6B1}"
EndProject
Project("{FAE04EC0-301F-11D3-BF4B-00C04F79EFBC}") = "ContactManager.DAL", "ContactManager.DAL\ContactManager.DAL.csproj", "{8F96D08A-39FE-40C0-9380-C588C669C927}"
EndProject
Project("{FAE04EC0-301F-11D3-BF4B-00C04F79EFBC}") = "ContactManager.Models", "ContactManager.Models\ContactManager.Models.csproj", "{D25ECDFE-94CB-42A8-9ED1-50076DAC4264}"
EndProject
Global
	GlobalSection(SolutionConfigurationPlatforms) = preSolution
		Debug|Any CPU = Debug|Any CPU
		Release|Any CPU = Release|Any CPU
	EndGlobalSection
	GlobalSection(ProjectConfigurationPlatforms) = postSolution
		{ECA73B5C-2C05-439F-AD29-ACB747D3F6B1}.Debug|Any CPU.ActiveCfg = Debug|Any CPU
		{ECA73B5C-2C05-439F-AD29-ACB747D3F6B1}.Debug|Any CPU.Build.0 = Debug|Any CPU
		{ECA73B5C-2C05-439F-AD29-ACB747D3F6B1}.Release|Any CPU.ActiveCfg = Release|Any CPU
		{ECA73B5C-2C05-439F-AD29-ACB747D3F6B1}.Release|Any CPU.Build.0 = Release|Any CPU
		{8F96D08A-39FE-40C0-9380-C588C669C927}.Debug|Any CPU.ActiveCfg = Debug|Any CPU
		{8F96D08A-39FE-40C0-9380-C588C669C927}.Debug|Any CPU.Build.0 = Debug|Any CPU
		{8F96D08A-39FE-40C0-9380-C588C669C927}.Release|Any CPU.ActiveCfg = Release|Any CPU
		{8F96D08A-39FE-40C0-9380-C588C669C927}.Release|Any CPU.Build.0 = Release|Any CPU
		{D25ECDFE-94CB-42A8-9ED1-50076DAC4264}.Debug|Any CPU.ActiveCfg = Debug|Any CPU
		{D25ECDFE-94CB-42A8-9ED1-50076DAC4264}.Debug|Any CPU.Build.0 = Debug|Any CPU
		{D25ECDFE-94CB-42A8-9ED1-50076DAC4264}.Release|Any CPU.ActiveCfg = Release|Any CPU
		{D25ECDFE-94CB-42A8-9ED1-50076DAC4264}.Release|Any CPU.Build.0 = Release|Any CPU
	EndGlobalSection
	GlobalSection(SolutionProperties) = preSolution
		HideSolutionNode = FALSE
	EndGlobalSection
	GlobalSection(ExtensibilityGlobals) = postSolution
		SolutionGuid = {B98A13F9-02C9-4371-B816-929B034DE98A}
	EndGlobalSection
EndGlobal
